Microsoft Visual Studio Solution File, Format Version 12.00
# Visual Studio Version 17
VisualStudioVersion = 17.5.2.0
MinimumVisualStudioVersion = 10.0.40219.1
Project("{FAE04EC0-301F-11D3-BF4B-00C04F79EFBC}") = "WSClient", "WSClient.csproj", "{819407C4-FC89-6A11-AC17-7CBBF0C59D94}"
EndProject
Global
	GlobalSection(SolutionConfigurationPlatforms) = preSolution
		Debug|Any CPU = Debug|Any CPU
		Release|Any CPU = Release|Any CPU
	EndGlobalSection
	GlobalSection(ProjectConfigurationPlatforms) = postSolution
		{819407C4-FC89-6A11-AC17-7CBBF0C59D94}.Debug|Any CPU.ActiveCfg = Debug|Any CPU
		{819407C4-FC89-6A11-AC17-7CBBF0C59D94}.Debug|Any CPU.Build.0 = Debug|Any CPU
		{819407C4-FC89-6A11-AC17-7CBBF0C59D94}.Release|Any CPU.ActiveCfg = Release|Any CPU
		{819407C4-FC89-6A11-AC17-7CBBF0C59D94}.Release|Any CPU.Build.0 = Release|Any CPU
	EndGlobalSection
	GlobalSection(SolutionProperties) = preSolution
		HideSolutionNode = FALSE
	EndGlobalSection
	GlobalSection(ExtensibilityGlobals) = postSolution
		SolutionGuid = {66E9CA4B-0421-40CE-80F6-154D2D72E73A}
	EndGlobalSection
EndGlobal
